
Microsoft Visual Studio Solution File, Format Version 12.00
# Visual Studio 15
VisualStudioVersion = 15.0.28307.168
MinimumVisualStudioVersion = 10.0.40219.1
Project("{FAE04EC0-301F-11D3-BF4B-00C04F79EFBC}") = "ADFSDump", "ADFSDump\ADFSDump.csproj", "{9EE27D63-6AC9-4037-860B-44E91BAE7F0D}"
EndProject
Global
	GlobalSection(SolutionConfigurationPlatforms) = preSolution
		Debug|Any CPU = Debug|Any CPU
		Release|Any CPU = Release|Any CPU
	EndGlobalSection
	GlobalSection(ProjectConfigurationPlatforms) = postSolution
		{9EE27D63-6AC9-4037-860B-44E91BAE7F0D}.Debug|Any CPU.ActiveCfg = Debug|Any CPU
		{9EE27D63-6AC9-4037-860B-44E91BAE7F0D}.Debug|Any CPU.Build.0 = Debug|Any CPU
		{9EE27D63-6AC9-4037-860B-44E91BAE7F0D}.Release|Any CPU.ActiveCfg = Release|Any CPU
		{9EE27D63-6AC9-4037-860B-44E91BAE7F0D}.Release|Any CPU.Build.0 = Release|Any CPU
	EndGlobalSection
	GlobalSection(SolutionProperties) = preSolution
		HideSolutionNode = FALSE
	EndGlobalSection
	GlobalSection(ExtensibilityGlobals) = postSolution
		SolutionGuid = {6FB56DA0-101E-46BF-A2BB-2749DBDAC74B}
	EndGlobalSection
EndGlobal
